
Microsoft Visual Studio Solution File, Format Version 12.00
# Visual Studio Version 17
VisualStudioVersion = 17.6.33829.357
MinimumVisualStudioVersion = 10.0.40219.1
Project("{FAE04EC0-301F-11D3-BF4B-00C04F79EFBC}") = "MethodNotes", "MethodNotes.csproj", "{72FC7F91-EA2A-43A3-AC37-9E41E06B4A47}"
EndProject
Global
	GlobalSection(SolutionConfigurationPlatforms) = preSolution
		Debug|Any CPU = Debug|Any CPU
		Release|Any CPU = Release|Any CPU
	EndGlobalSection
	GlobalSection(ProjectConfigurationPlatforms) = postSolution
		{72FC7F91-EA2A-43A3-AC37-9E41E06B4A47}.Debug|Any CPU.ActiveCfg = Debug|Any CPU
		{72FC7F91-EA2A-43A3-AC37-9E41E06B4A47}.Debug|Any CPU.Build.0 = Debug|Any CPU
		{72FC7F91-EA2A-43A3-AC37-9E41E06B4A47}.Release|Any CPU.ActiveCfg = Release|Any CPU
		{72FC7F91-EA2A-43A3-AC37-9E41E06B4A47}.Release|Any CPU.Build.0 = Release|Any CPU
	EndGlobalSection
	GlobalSection(SolutionProperties) = preSolution
		HideSolutionNode = FALSE
	EndGlobalSection
	GlobalSection(ExtensibilityGlobals) = postSolution
		SolutionGuid = {EE5F3E0C-D007-43BE-8E5F-ECC0CD8BFC25}
	EndGlobalSection
EndGlobal
