
Microsoft Visual Studio Solution File, Format Version 12.00
# Visual Studio Version 17
VisualStudioVersion = 17.6.33815.320
MinimumVisualStudioVersion = 10.0.40219.1
Project("{FAE04EC0-301F-11D3-BF4B-00C04F79EFBC}") = "Variables", "Variables.csproj", "{04BCF809-330C-4182-8F9A-EB26BE537230}"
EndProject
Global
	GlobalSection(SolutionConfigurationPlatforms) = preSolution
		Debug|Any CPU = Debug|Any CPU
		Release|Any CPU = Release|Any CPU
	EndGlobalSection
	GlobalSection(ProjectConfigurationPlatforms) = postSolution
		{04BCF809-330C-4182-8F9A-EB26BE537230}.Debug|Any CPU.ActiveCfg = Debug|Any CPU
		{04BCF809-330C-4182-8F9A-EB26BE537230}.Debug|Any CPU.Build.0 = Debug|Any CPU
		{04BCF809-330C-4182-8F9A-EB26BE537230}.Release|Any CPU.ActiveCfg = Release|Any CPU
		{04BCF809-330C-4182-8F9A-EB26BE537230}.Release|Any CPU.Build.0 = Release|Any CPU
	EndGlobalSection
	GlobalSection(SolutionProperties) = preSolution
		HideSolutionNode = FALSE
	EndGlobalSection
	GlobalSection(ExtensibilityGlobals) = postSolution
		SolutionGuid = {741D87D0-A0DD-4E60-A387-B951DF3CA251}
	EndGlobalSection
EndGlobal
