
Microsoft Visual Studio Solution File, Format Version 12.00
# Visual Studio Version 17
VisualStudioVersion = 17.0.31903.59
MinimumVisualStudioVersion = 10.0.40219.1
Project("{FAE04EC0-301F-11D3-BF4B-00C04F79EFBC}") = "Point", "Point\Point.csproj", "{E9191565-0B70-4235-B77B-8C93EC1664A4}"
EndProject
Project("{FAE04EC0-301F-11D3-BF4B-00C04F79EFBC}") = "PasswordValidator", "PasswordValidator\PasswordValidator.csproj", "{0FA39BCE-A8B8-4DE4-B8AC-A459209E9F7D}"
EndProject
Project("{FAE04EC0-301F-11D3-BF4B-00C04F79EFBC}") = "LockedDoor", "LockedDoor\LockedDoor.csproj", "{C9E1C409-194C-40FA-AC84-431D7FBD88D1}"
EndProject
Project("{FAE04EC0-301F-11D3-BF4B-00C04F79EFBC}") = "Card", "Card\Card.csproj", "{C9813EAE-5335-4A76-BE24-F0F331524FD3}"
EndProject
Project("{FAE04EC0-301F-11D3-BF4B-00C04F79EFBC}") = "Color", "Color\Color.csproj", "{A7EB93D5-9505-48EF-A47B-7B6E405F9143}"
EndProject
Global
	GlobalSection(SolutionConfigurationPlatforms) = preSolution
		Debug|Any CPU = Debug|Any CPU
		Release|Any CPU = Release|Any CPU
	EndGlobalSection
	GlobalSection(SolutionProperties) = preSolution
		HideSolutionNode = FALSE
	EndGlobalSection
	GlobalSection(ProjectConfigurationPlatforms) = postSolution
		{E9191565-0B70-4235-B77B-8C93EC1664A4}.Debug|Any CPU.ActiveCfg = Debug|Any CPU
		{E9191565-0B70-4235-B77B-8C93EC1664A4}.Debug|Any CPU.Build.0 = Debug|Any CPU
		{E9191565-0B70-4235-B77B-8C93EC1664A4}.Release|Any CPU.ActiveCfg = Release|Any CPU
		{E9191565-0B70-4235-B77B-8C93EC1664A4}.Release|Any CPU.Build.0 = Release|Any CPU
		{0FA39BCE-A8B8-4DE4-B8AC-A459209E9F7D}.Debug|Any CPU.ActiveCfg = Debug|Any CPU
		{0FA39BCE-A8B8-4DE4-B8AC-A459209E9F7D}.Debug|Any CPU.Build.0 = Debug|Any CPU
		{0FA39BCE-A8B8-4DE4-B8AC-A459209E9F7D}.Release|Any CPU.ActiveCfg = Release|Any CPU
		{0FA39BCE-A8B8-4DE4-B8AC-A459209E9F7D}.Release|Any CPU.Build.0 = Release|Any CPU
		{C9E1C409-194C-40FA-AC84-431D7FBD88D1}.Debug|Any CPU.ActiveCfg = Debug|Any CPU
		{C9E1C409-194C-40FA-AC84-431D7FBD88D1}.Debug|Any CPU.Build.0 = Debug|Any CPU
		{C9E1C409-194C-40FA-AC84-431D7FBD88D1}.Release|Any CPU.ActiveCfg = Release|Any CPU
		{C9E1C409-194C-40FA-AC84-431D7FBD88D1}.Release|Any CPU.Build.0 = Release|Any CPU
		{C9813EAE-5335-4A76-BE24-F0F331524FD3}.Debug|Any CPU.ActiveCfg = Debug|Any CPU
		{C9813EAE-5335-4A76-BE24-F0F331524FD3}.Debug|Any CPU.Build.0 = Debug|Any CPU
		{C9813EAE-5335-4A76-BE24-F0F331524FD3}.Release|Any CPU.ActiveCfg = Release|Any CPU
		{C9813EAE-5335-4A76-BE24-F0F331524FD3}.Release|Any CPU.Build.0 = Release|Any CPU
		{A7EB93D5-9505-48EF-A47B-7B6E405F9143}.Debug|Any CPU.ActiveCfg = Debug|Any CPU
		{A7EB93D5-9505-48EF-A47B-7B6E405F9143}.Debug|Any CPU.Build.0 = Debug|Any CPU
		{A7EB93D5-9505-48EF-A47B-7B6E405F9143}.Release|Any CPU.ActiveCfg = Release|Any CPU
		{A7EB93D5-9505-48EF-A47B-7B6E405F9143}.Release|Any CPU.Build.0 = Release|Any CPU
	EndGlobalSection
EndGlobal
