
Microsoft Visual Studio Solution File, Format Version 12.00
# Visual Studio Version 17
VisualStudioVersion = 17.6.33815.320
MinimumVisualStudioVersion = 10.0.40219.1
Project("{FAE04EC0-301F-11D3-BF4B-00C04F79EFBC}") = "TheDefenseOfConsolas", "TheDefenseOfConsolas.csproj", "{00940568-986E-47AD-8061-F6B3A2B0B90B}"
EndProject
Global
	GlobalSection(SolutionConfigurationPlatforms) = preSolution
		Debug|Any CPU = Debug|Any CPU
		Release|Any CPU = Release|Any CPU
	EndGlobalSection
	GlobalSection(ProjectConfigurationPlatforms) = postSolution
		{00940568-986E-47AD-8061-F6B3A2B0B90B}.Debug|Any CPU.ActiveCfg = Debug|Any CPU
		{00940568-986E-47AD-8061-F6B3A2B0B90B}.Debug|Any CPU.Build.0 = Debug|Any CPU
		{00940568-986E-47AD-8061-F6B3A2B0B90B}.Release|Any CPU.ActiveCfg = Release|Any CPU
		{00940568-986E-47AD-8061-F6B3A2B0B90B}.Release|Any CPU.Build.0 = Release|Any CPU
	EndGlobalSection
	GlobalSection(SolutionProperties) = preSolution
		HideSolutionNode = FALSE
	EndGlobalSection
	GlobalSection(ExtensibilityGlobals) = postSolution
		SolutionGuid = {3CE8888E-AB50-4C37-B18D-0629298BA4FE}
	EndGlobalSection
EndGlobal
