
Microsoft Visual Studio Solution File, Format Version 12.00
# Visual Studio Version 17
VisualStudioVersion = 17.6.33829.357
MinimumVisualStudioVersion = 10.0.40219.1
Project("{FAE04EC0-301F-11D3-BF4B-00C04F79EFBC}") = "TheReplicatorOfD'Tor", "TheReplicatorOfD'Tor.csproj", "{863B6543-0F20-451C-92D8-F63BA937F284}"
EndProject
Global
	GlobalSection(SolutionConfigurationPlatforms) = preSolution
		Debug|Any CPU = Debug|Any CPU
		Release|Any CPU = Release|Any CPU
	EndGlobalSection
	GlobalSection(ProjectConfigurationPlatforms) = postSolution
		{863B6543-0F20-451C-92D8-F63BA937F284}.Debug|Any CPU.ActiveCfg = Debug|Any CPU
		{863B6543-0F20-451C-92D8-F63BA937F284}.Debug|Any CPU.Build.0 = Debug|Any CPU
		{863B6543-0F20-451C-92D8-F63BA937F284}.Release|Any CPU.ActiveCfg = Release|Any CPU
		{863B6543-0F20-451C-92D8-F63BA937F284}.Release|Any CPU.Build.0 = Release|Any CPU
	EndGlobalSection
	GlobalSection(SolutionProperties) = preSolution
		HideSolutionNode = FALSE
	EndGlobalSection
	GlobalSection(ExtensibilityGlobals) = postSolution
		SolutionGuid = {2F13FC86-04DB-4FB4-A414-179FCC3BF3C0}
	EndGlobalSection
EndGlobal
