
Microsoft Visual Studio Solution File, Format Version 12.00
# Visual Studio Version 17
VisualStudioVersion = 17.6.33815.320
MinimumVisualStudioVersion = 10.0.40219.1
Project("{FAE04EC0-301F-11D3-BF4B-00C04F79EFBC}") = "TypeSystem", "TypeSystem.csproj", "{E8C04FA4-1C08-4F65-ABA6-992862065DAD}"
EndProject
Global
	GlobalSection(SolutionConfigurationPlatforms) = preSolution
		Debug|Any CPU = Debug|Any CPU
		Release|Any CPU = Release|Any CPU
	EndGlobalSection
	GlobalSection(ProjectConfigurationPlatforms) = postSolution
		{E8C04FA4-1C08-4F65-ABA6-992862065DAD}.Debug|Any CPU.ActiveCfg = Debug|Any CPU
		{E8C04FA4-1C08-4F65-ABA6-992862065DAD}.Debug|Any CPU.Build.0 = Debug|Any CPU
		{E8C04FA4-1C08-4F65-ABA6-992862065DAD}.Release|Any CPU.ActiveCfg = Release|Any CPU
		{E8C04FA4-1C08-4F65-ABA6-992862065DAD}.Release|Any CPU.Build.0 = Release|Any CPU
	EndGlobalSection
	GlobalSection(SolutionProperties) = preSolution
		HideSolutionNode = FALSE
	EndGlobalSection
	GlobalSection(ExtensibilityGlobals) = postSolution
		SolutionGuid = {149B87EE-684A-45C2-884D-3C73C69559DF}
	EndGlobalSection
EndGlobal
